
Microsoft Visual Studio Solution File, Format Version 12.00
# Visual Studio 15
Project("{FAE04EC0-301F-11D3-BF4B-00C04F79EFBC}") = "Assembly-CSharp", "Assembly-CSharp.csproj", "{CF7EBE78-EC18-4E44-CB9C-64F29844C1F8}"
EndProject
Project("{FAE04EC0-301F-11D3-BF4B-00C04F79EFBC}") = "Assembly-CSharp-Editor", "Assembly-CSharp-Editor.csproj", "{DBE8A1D9-4F8A-A389-BBCE-E85D76AB5939}"
EndProject
Project("{FAE04EC0-301F-11D3-BF4B-00C04F79EFBC}") = "Assembly-CSharp", "Assembly-CSharp.Player.csproj", "{71F1DFAB-88B3-4171-B586-BAAB54CBFDAD}"
EndProject
Global
	GlobalSection(SolutionConfigurationPlatforms) = preSolution
		Debug|Any CPU = Debug|Any CPU
		Release|Any CPU = Release|Any CPU
	EndGlobalSection
	GlobalSection(ProjectConfigurationPlatforms) = postSolution
		{CF7EBE78-EC18-4E44-CB9C-64F29844C1F8}.Debug|Any CPU.ActiveCfg = Debug|Any CPU
		{CF7EBE78-EC18-4E44-CB9C-64F29844C1F8}.Debug|Any CPU.Build.0 = Debug|Any CPU
		{CF7EBE78-EC18-4E44-CB9C-64F29844C1F8}.Release|Any CPU.ActiveCfg = Release|Any CPU
		{CF7EBE78-EC18-4E44-CB9C-64F29844C1F8}.Release|Any CPU.Build.0 = Release|Any CPU
		{DBE8A1D9-4F8A-A389-BBCE-E85D76AB5939}.Debug|Any CPU.ActiveCfg = Debug|Any CPU
		{DBE8A1D9-4F8A-A389-BBCE-E85D76AB5939}.Debug|Any CPU.Build.0 = Debug|Any CPU
		{DBE8A1D9-4F8A-A389-BBCE-E85D76AB5939}.Release|Any CPU.ActiveCfg = Release|Any CPU
		{DBE8A1D9-4F8A-A389-BBCE-E85D76AB5939}.Release|Any CPU.Build.0 = Release|Any CPU
		{71F1DFAB-88B3-4171-B586-BAAB54CBFDAD}.Debug|Any CPU.ActiveCfg = Debug|Any CPU
		{71F1DFAB-88B3-4171-B586-BAAB54CBFDAD}.Debug|Any CPU.Build.0 = Debug|Any CPU
		{71F1DFAB-88B3-4171-B586-BAAB54CBFDAD}.Release|Any CPU.ActiveCfg = Release|Any CPU
		{71F1DFAB-88B3-4171-B586-BAAB54CBFDAD}.Release|Any CPU.Build.0 = Release|Any CPU
	EndGlobalSection
	GlobalSection(SolutionProperties) = preSolution
		HideSolutionNode = FALSE
	EndGlobalSection
EndGlobal
